
Microsoft Visual Studio Solution File, Format Version 12.00
# Visual Studio Version 17
VisualStudioVersion = 17.5.33414.496
MinimumVisualStudioVersion = 10.0.40219.1
Project("{FAE04EC0-301F-11D3-BF4B-00C04F79EFBC}") = "10.03", "10.03\10.03.csproj", "{669FA11A-38D5-42E2-96D1-2E1D0AF80958}"
EndProject
Global
	GlobalSection(SolutionConfigurationPlatforms) = preSolution
		Debug|Any CPU = Debug|Any CPU
		Release|Any CPU = Release|Any CPU
	EndGlobalSection
	GlobalSection(ProjectConfigurationPlatforms) = postSolution
		{669FA11A-38D5-42E2-96D1-2E1D0AF80958}.Debug|Any CPU.ActiveCfg = Debug|Any CPU
		{669FA11A-38D5-42E2-96D1-2E1D0AF80958}.Debug|Any CPU.Build.0 = Debug|Any CPU
		{669FA11A-38D5-42E2-96D1-2E1D0AF80958}.Release|Any CPU.ActiveCfg = Release|Any CPU
		{669FA11A-38D5-42E2-96D1-2E1D0AF80958}.Release|Any CPU.Build.0 = Release|Any CPU
	EndGlobalSection
	GlobalSection(SolutionProperties) = preSolution
		HideSolutionNode = FALSE
	EndGlobalSection
	GlobalSection(ExtensibilityGlobals) = postSolution
		SolutionGuid = {5430CED9-B6CA-4BA9-BB16-00FDBD3EAD4A}
	EndGlobalSection
EndGlobal
